
Microsoft Visual Studio Solution File, Format Version 12.00
# Visual Studio Version 17
VisualStudioVersion = 17.0.31612.314
MinimumVisualStudioVersion = 10.0.40219.1
Project("{FAE04EC0-301F-11D3-BF4B-00C04F79EFBC}") = "Layout Converter", "Layout Converter\Layout Converter.csproj", "{47019EEF-B8B2-4C3A-A646-028C93D7B178}"
EndProject
Global
	GlobalSection(SolutionConfigurationPlatforms) = preSolution
		Debug|Any CPU = Debug|Any CPU
		Release|Any CPU = Release|Any CPU
	EndGlobalSection
	GlobalSection(ProjectConfigurationPlatforms) = postSolution
		{47019EEF-B8B2-4C3A-A646-028C93D7B178}.Debug|Any CPU.ActiveCfg = Debug|Any CPU
		{47019EEF-B8B2-4C3A-A646-028C93D7B178}.Debug|Any CPU.Build.0 = Debug|Any CPU
		{47019EEF-B8B2-4C3A-A646-028C93D7B178}.Release|Any CPU.ActiveCfg = Release|Any CPU
		{47019EEF-B8B2-4C3A-A646-028C93D7B178}.Release|Any CPU.Build.0 = Release|Any CPU
	EndGlobalSection
	GlobalSection(SolutionProperties) = preSolution
		HideSolutionNode = FALSE
	EndGlobalSection
	GlobalSection(ExtensibilityGlobals) = postSolution
		SolutionGuid = {2CE905C9-6070-4E17-B2AB-E46F643B455C}
	EndGlobalSection
	GlobalSection(TeamFoundationVersionControl) = preSolution
		SccNumberOfProjects = 1
		SccEnterpriseProvider = {4CA58AB2-18FA-4F8D-95D4-32DDF27D184C}
		SccTeamFoundationServer = https://dev.azure.com/code-a-software
		SccLocalPath0 = .
		SccProjectUniqueName1 = Layout\u0020Converter\\Layout\u0020Converter.csproj
		SccProjectName1 = Layout\u0020Converter
		SccLocalPath1 = Layout\u0020Converter
	EndGlobalSection
EndGlobal
